
Microsoft Visual Studio Solution File, Format Version 12.00
# Visual Studio Version 17
VisualStudioVersion = 17.3.32929.385
MinimumVisualStudioVersion = 10.0.40219.1
Project("{FAE04EC0-301F-11D3-BF4B-00C04F79EFBC}") = "RestFullPostgre", "RestFullPostgre\RestFullPostgre.csproj", "{0B6BEE68-0976-4590-9F11-ACD04053FF6E}"
EndProject
Global
	GlobalSection(SolutionConfigurationPlatforms) = preSolution
		Debug|Any CPU = Debug|Any CPU
		Release|Any CPU = Release|Any CPU
	EndGlobalSection
	GlobalSection(ProjectConfigurationPlatforms) = postSolution
		{0B6BEE68-0976-4590-9F11-ACD04053FF6E}.Debug|Any CPU.ActiveCfg = Debug|Any CPU
		{0B6BEE68-0976-4590-9F11-ACD04053FF6E}.Debug|Any CPU.Build.0 = Debug|Any CPU
		{0B6BEE68-0976-4590-9F11-ACD04053FF6E}.Release|Any CPU.ActiveCfg = Release|Any CPU
		{0B6BEE68-0976-4590-9F11-ACD04053FF6E}.Release|Any CPU.Build.0 = Release|Any CPU
	EndGlobalSection
	GlobalSection(SolutionProperties) = preSolution
		HideSolutionNode = FALSE
	EndGlobalSection
	GlobalSection(ExtensibilityGlobals) = postSolution
		SolutionGuid = {9DFAE1CE-93CE-4318-BBDB-0DFB428B707C}
	EndGlobalSection
EndGlobal
